
Microsoft Visual Studio Solution File, Format Version 12.00
# Visual Studio Version 17
VisualStudioVersion = 17.0.31903.59
MinimumVisualStudioVersion = 10.0.40219.1
Project("{FAE04EC0-301F-11D3-BF4B-00C04F79EFBC}") = "Lazy", "Lazy\Lazy.csproj", "{2A9DF1B7-EB57-4D56-BDB5-94191D39B8B5}"
EndProject
Project("{FAE04EC0-301F-11D3-BF4B-00C04F79EFBC}") = "Lazy.Tests", "Lazy.Tests\Lazy.Tests.csproj", "{A805470F-D9E3-4B76-A9FC-BAA0F1D4331D}"
EndProject
Global
	GlobalSection(SolutionConfigurationPlatforms) = preSolution
		Debug|Any CPU = Debug|Any CPU
		Release|Any CPU = Release|Any CPU
	EndGlobalSection
	GlobalSection(SolutionProperties) = preSolution
		HideSolutionNode = FALSE
	EndGlobalSection
	GlobalSection(ProjectConfigurationPlatforms) = postSolution
		{2A9DF1B7-EB57-4D56-BDB5-94191D39B8B5}.Debug|Any CPU.ActiveCfg = Debug|Any CPU
		{2A9DF1B7-EB57-4D56-BDB5-94191D39B8B5}.Debug|Any CPU.Build.0 = Debug|Any CPU
		{2A9DF1B7-EB57-4D56-BDB5-94191D39B8B5}.Release|Any CPU.ActiveCfg = Release|Any CPU
		{2A9DF1B7-EB57-4D56-BDB5-94191D39B8B5}.Release|Any CPU.Build.0 = Release|Any CPU
		{A805470F-D9E3-4B76-A9FC-BAA0F1D4331D}.Debug|Any CPU.ActiveCfg = Debug|Any CPU
		{A805470F-D9E3-4B76-A9FC-BAA0F1D4331D}.Debug|Any CPU.Build.0 = Debug|Any CPU
		{A805470F-D9E3-4B76-A9FC-BAA0F1D4331D}.Release|Any CPU.ActiveCfg = Release|Any CPU
		{A805470F-D9E3-4B76-A9FC-BAA0F1D4331D}.Release|Any CPU.Build.0 = Release|Any CPU
	EndGlobalSection
EndGlobal
