
Microsoft Visual Studio Solution File, Format Version 12.00
# Visual Studio Version 17
VisualStudioVersion = 17.0.31903.59
MinimumVisualStudioVersion = 10.0.40219.1
Project("{FAE04EC0-301F-11D3-BF4B-00C04F79EFBC}") = "MatrixMultiply", "MatrixMultiply\MatrixMultiply.csproj", "{28845C76-F8B1-4CA0-A27A-8F9153874DE3}"
EndProject
Project("{FAE04EC0-301F-11D3-BF4B-00C04F79EFBC}") = "MatrixMultiply.Tests", "MatrixMultiply.Tests\MatrixMultiply.Tests.csproj", "{518DBC92-00E7-411C-928E-E70D8C466968}"
EndProject
Project("{FAE04EC0-301F-11D3-BF4B-00C04F79EFBC}") = "MatrixCreator", "MatrixCreator\MatrixCreator.csproj", "{49736B40-E234-4F15-986C-CCD5EFBC985F}"
EndProject
Project("{2150E333-8FDC-42A3-9474-1A3956D46DE8}") = "Solution Items", "Solution Items", "{36D591C7-65C7-A0D1-1CBC-10CDE441BDC8}"
	ProjectSection(SolutionItems) = preProject
		.editorconfig = .editorconfig
	EndProjectSection
EndProject
Global
	GlobalSection(SolutionConfigurationPlatforms) = preSolution
		Debug|Any CPU = Debug|Any CPU
		Debug|x64 = Debug|x64
		Debug|x86 = Debug|x86
		Release|Any CPU = Release|Any CPU
		Release|x64 = Release|x64
		Release|x86 = Release|x86
	EndGlobalSection
	GlobalSection(ProjectConfigurationPlatforms) = postSolution
		{28845C76-F8B1-4CA0-A27A-8F9153874DE3}.Debug|Any CPU.ActiveCfg = Debug|Any CPU
		{28845C76-F8B1-4CA0-A27A-8F9153874DE3}.Debug|Any CPU.Build.0 = Debug|Any CPU
		{28845C76-F8B1-4CA0-A27A-8F9153874DE3}.Debug|x64.ActiveCfg = Debug|Any CPU
		{28845C76-F8B1-4CA0-A27A-8F9153874DE3}.Debug|x64.Build.0 = Debug|Any CPU
		{28845C76-F8B1-4CA0-A27A-8F9153874DE3}.Debug|x86.ActiveCfg = Debug|Any CPU
		{28845C76-F8B1-4CA0-A27A-8F9153874DE3}.Debug|x86.Build.0 = Debug|Any CPU
		{28845C76-F8B1-4CA0-A27A-8F9153874DE3}.Release|Any CPU.ActiveCfg = Release|Any CPU
		{28845C76-F8B1-4CA0-A27A-8F9153874DE3}.Release|Any CPU.Build.0 = Release|Any CPU
		{28845C76-F8B1-4CA0-A27A-8F9153874DE3}.Release|x64.ActiveCfg = Release|Any CPU
		{28845C76-F8B1-4CA0-A27A-8F9153874DE3}.Release|x64.Build.0 = Release|Any CPU
		{28845C76-F8B1-4CA0-A27A-8F9153874DE3}.Release|x86.ActiveCfg = Release|Any CPU
		{28845C76-F8B1-4CA0-A27A-8F9153874DE3}.Release|x86.Build.0 = Release|Any CPU
		{518DBC92-00E7-411C-928E-E70D8C466968}.Debug|Any CPU.ActiveCfg = Debug|Any CPU
		{518DBC92-00E7-411C-928E-E70D8C466968}.Debug|Any CPU.Build.0 = Debug|Any CPU
		{518DBC92-00E7-411C-928E-E70D8C466968}.Debug|x64.ActiveCfg = Debug|Any CPU
		{518DBC92-00E7-411C-928E-E70D8C466968}.Debug|x64.Build.0 = Debug|Any CPU
		{518DBC92-00E7-411C-928E-E70D8C466968}.Debug|x86.ActiveCfg = Debug|Any CPU
		{518DBC92-00E7-411C-928E-E70D8C466968}.Debug|x86.Build.0 = Debug|Any CPU
		{518DBC92-00E7-411C-928E-E70D8C466968}.Release|Any CPU.ActiveCfg = Release|Any CPU
		{518DBC92-00E7-411C-928E-E70D8C466968}.Release|Any CPU.Build.0 = Release|Any CPU
		{518DBC92-00E7-411C-928E-E70D8C466968}.Release|x64.ActiveCfg = Release|Any CPU
		{518DBC92-00E7-411C-928E-E70D8C466968}.Release|x64.Build.0 = Release|Any CPU
		{518DBC92-00E7-411C-928E-E70D8C466968}.Release|x86.ActiveCfg = Release|Any CPU
		{518DBC92-00E7-411C-928E-E70D8C466968}.Release|x86.Build.0 = Release|Any CPU
		{49736B40-E234-4F15-986C-CCD5EFBC985F}.Debug|Any CPU.ActiveCfg = Debug|Any CPU
		{49736B40-E234-4F15-986C-CCD5EFBC985F}.Debug|Any CPU.Build.0 = Debug|Any CPU
		{49736B40-E234-4F15-986C-CCD5EFBC985F}.Debug|x64.ActiveCfg = Debug|Any CPU
		{49736B40-E234-4F15-986C-CCD5EFBC985F}.Debug|x64.Build.0 = Debug|Any CPU
		{49736B40-E234-4F15-986C-CCD5EFBC985F}.Debug|x86.ActiveCfg = Debug|Any CPU
		{49736B40-E234-4F15-986C-CCD5EFBC985F}.Debug|x86.Build.0 = Debug|Any CPU
		{49736B40-E234-4F15-986C-CCD5EFBC985F}.Release|Any CPU.ActiveCfg = Release|Any CPU
		{49736B40-E234-4F15-986C-CCD5EFBC985F}.Release|Any CPU.Build.0 = Release|Any CPU
		{49736B40-E234-4F15-986C-CCD5EFBC985F}.Release|x64.ActiveCfg = Release|Any CPU
		{49736B40-E234-4F15-986C-CCD5EFBC985F}.Release|x64.Build.0 = Release|Any CPU
		{49736B40-E234-4F15-986C-CCD5EFBC985F}.Release|x86.ActiveCfg = Release|Any CPU
		{49736B40-E234-4F15-986C-CCD5EFBC985F}.Release|x86.Build.0 = Release|Any CPU
	EndGlobalSection
	GlobalSection(SolutionProperties) = preSolution
		HideSolutionNode = FALSE
	EndGlobalSection
EndGlobal
